PODS:
  - Charts (4.1.0):
    - Charts/Core (= 4.1.0)
  - Charts/Core (4.1.0):
    - SwiftAlgorithms (~> 1.0)
  - Realm (10.34.1):
    - Realm/Headers (= 10.34.1)
  - Realm/Headers (10.34.1)
  - RealmSwift (10.34.1):
    - Realm (= 10.34.1)
  - SKActivityIndicatorView (0.1.0)
  - SwiftAlgorithms (1.0.0)
  - SwiftSoup (2.5.3)

DEPENDENCIES:
  - Charts
  - RealmSwift
  - SKActivityIndicatorView (~> 0.1)
  - SwiftSoup

SPEC REPOS:
  https://github.com/CocoaPods/Specs.git:
    - Charts
    - Realm
    - RealmSwift
    - SKActivityIndicatorView
    - SwiftAlgorithms
    - SwiftSoup

SPEC CHECKSUMS:
  Charts: 354f86803d11d9c35de280587fef50d1af063978
  Realm: fe824cd5b183cd55a50a6bcb4bce3ac1650e60b6
  RealmSwift: c7f668f82982fc8b62366b78b8dc761f15141df6
  SKActivityIndicatorView: f46936f760d33eb8235333242269bf01cc9248ae
  SwiftAlgorithms: 38dda4731d19027fdeee1125f973111bf3386b53
  SwiftSoup: 33e8d374021a6c332788f78fa29a93227d8a7699

PODFILE CHECKSUM: 8fb8885e84524895b20bc9d7a275b7ca23e40f67

COCOAPODS: 1.11.2
